
Microsoft Visual Studio Solution File, Format Version 12.00
# Visual Studio 15
VisualStudioVersion = 15.0.28307.1000
MinimumVisualStudioVersion = 10.0.40219.1
Project("{FAE04EC0-301F-11D3-BF4B-00C04F79EFBC}") = "WindowsFormsApp3", "WindowsFormsApp3\WindowsFormsApp3.csproj", "{6321BDE4-97DD-492C-BD7F-6A4BCF4758C9}"
EndProject
Global
	GlobalSection(SolutionConfigurationPlatforms) = preSolution
		Debug|Any CPU = Debug|Any CPU
		Release|Any CPU = Release|Any CPU
	EndGlobalSection
	GlobalSection(ProjectConfigurationPlatforms) = postSolution
		{6321BDE4-97DD-492C-BD7F-6A4BCF4758C9}.Debug|Any CPU.ActiveCfg = Debug|Any CPU
		{6321BDE4-97DD-492C-BD7F-6A4BCF4758C9}.Debug|Any CPU.Build.0 = Debug|Any CPU
		{6321BDE4-97DD-492C-BD7F-6A4BCF4758C9}.Release|Any CPU.ActiveCfg = Release|Any CPU
		{6321BDE4-97DD-492C-BD7F-6A4BCF4758C9}.Release|Any CPU.Build.0 = Release|Any CPU
	EndGlobalSection
	GlobalSection(SolutionProperties) = preSolution
		HideSolutionNode = FALSE
	EndGlobalSection
	GlobalSection(ExtensibilityGlobals) = postSolution
		SolutionGuid = {5B89F34B-59FD-4641-A4BA-2F10E0E1FA65}
	EndGlobalSection
EndGlobal
